{
  "requires": true,
  "lockfileVersion": 1,
  "dependencies": {
    "@steelbreeze/delegate": {
      "version": "1.0.10",
      "resolved": "https://registry.npmmirror.com/@steelbreeze/delegate/download/@steelbreeze/delegate-1.0.10.tgz",
      "integrity": "sha1-34Vl0c7UnkOjQFkpZAUEx5YrvfM="
    }
  }
}
